# THIS IS AN AUTOGENERATED FILE. DO NOT EDIT THIS FILE DIRECTLY.
# yarn lockfile v1


fs@^0.0.1-security:
  version "0.0.1-security"
  resolved "https://registry.npm.taobao.org/fs/download/fs-0.0.1-security.tgz#8a7bd37186b6dddf3813f23858b57ecaaf5e41d4"
  integrity sha1-invTcYa23d84E/I4WLV+yq9eQdQ=

ieee754@^1.1.12:
  version "1.1.13"
  resolved "https://registry.npm.taobao.org/ieee754/download/ieee754-1.1.13.tgz#ec168558e95aa181fd87d37f55c32bbcb6708b84"
  integrity sha1-7BaFWOlaoYH9h9N/VcMrvLZwi4Q=

pbf@^3.0.5:
  version "3.2.1"
  resolved "https://registry.npm.taobao.org/pbf/download/pbf-3.2.1.tgz#b4c1b9e72af966cd82c6531691115cc0409ffe2a"
  integrity sha1-tMG55yr5Zs2CxlMWkRFcwECf/io=
  dependencies:
    ieee754 "^1.1.12"
    resolve-protobuf-schema "^2.1.0"

point-geometry@0.0.0:
  version "0.0.0"
  resolved "https://registry.npm.taobao.org/point-geometry/download/point-geometry-0.0.0.tgz#6fcbcad7a803b6418247dd6e49c2853c584daff7"
  integrity sha1-b8vK16gDtkGCR91uScKFPFhNr/c=

protocol-buffers-schema@^3.3.1:
  version "3.4.0"
  resolved "https://registry.npm.taobao.org/protocol-buffers-schema/download/protocol-buffers-schema-3.4.0.tgz#2f0ea31ca96627d680bf2fefae7ebfa2b6453eae"
  integrity sha1-Lw6jHKlmJ9aAvy/vrn6/orZFPq4=

resolve-protobuf-schema@^2.1.0:
  version "2.1.0"
  resolved "https://registry.npm.taobao.org/resolve-protobuf-schema/download/resolve-protobuf-schema-2.1.0.tgz#9ca9a9e69cf192bbdaf1006ec1973948aa4a3758"
  integrity sha1-nKmp5pzxkrva8QBuwZc5SKpKN1g=
  dependencies:
    protocol-buffers-schema "^3.3.1"

vector-tile@^1.3.0:
  version "1.3.0"
  resolved "https://registry.npm.taobao.org/vector-tile/download/vector-tile-1.3.0.tgz#06d516a83b063f04c82ef539cf1bb1aebeb696b4"
  integrity sha1-BtUWqDsGPwTILvU5zxuxrr62lrQ=
  dependencies:
    point-geometry "0.0.0"
